// !$*UTF8*$!
{
	archiveVersion = 1;
	classes = {
	};
	objectVersion = 56;
	objects = {

/* Begin PBXBuildFile section */
		AA000001 /* MieruApp.swift in Sources */ = {isa = PBXBuildFile; fileRef = AA100001 /* MieruApp.swift */; };
		AA000002 /* ContentView.swift in Sources */ = {isa = PBXBuildFile; fileRef = AA100002 /* ContentView.swift */; };
		AA000003 /* CameraPreviewView.swift in Sources */ = {isa = PBXBuildFile; fileRef = AA100003 /* CameraPreviewView.swift */; };
		AA000004 /* DQTextBoxView.swift in Sources */ = {isa = PBXBuildFile; fileRef = AA100004 /* DQTextBoxView.swift */; };
		AA000005 /* ControlsOverlay.swift in Sources */ = {isa = PBXBuildFile; fileRef = AA100005 /* ControlsOverlay.swift */; };
		AA000006 /* CameraManager.swift in Sources */ = {isa = PBXBuildFile; fileRef = AA100006 /* CameraManager.swift */; };
		AA000007 /* VLMService.swift in Sources */ = {isa = PBXBuildFile; fileRef = AA100007 /* VLMService.swift */; };
		AA000008 /* TypewriterSFX.swift in Sources */ = {isa = PBXBuildFile; fileRef = AA100008 /* TypewriterSFX.swift */; };
		AA000010 /* SiriEdgeGlow.swift in Sources */ = {isa = PBXBuildFile; fileRef = AA100011 /* SiriEdgeGlow.swift */; };
		AA000012 /* LanguageToggle.swift in Sources */ = {isa = PBXBuildFile; fileRef = AA100013 /* LanguageToggle.swift */; };
		AA000009 /* Assets.xcassets in Resources */ = {isa = PBXBuildFile; fileRef = AA100009 /* Assets.xcassets */; };
		AA000020 /* MLX in Frameworks */ = {isa = PBXBuildFile; productRef = AA300001 /* MLX */; };
		AA000021 /* MLXRandom in Frameworks */ = {isa = PBXBuildFile; productRef = AA300002 /* MLXRandom */; };
		AA000022 /* MLXLMCommon in Frameworks */ = {isa = PBXBuildFile; productRef = AA300003 /* MLXLMCommon */; };
		AA000023 /* MLXVLM in Frameworks */ = {isa = PBXBuildFile; productRef = AA300004 /* MLXVLM */; };
		AA000024 /* HuggingFace in Frameworks */ = {isa = PBXBuildFile; productRef = AA300005 /* HuggingFace */; };
		AA000025 /* Tokenizers in Frameworks */ = {isa = PBXBuildFile; productRef = AA300006 /* Tokenizers */; };
/* End PBXBuildFile section */

/* Begin PBXFileReference section */
		AA100001 /* MieruApp.swift */ = {isa = PBXFileReference; lastKnownFileType = sourcecode.swift; path = MieruApp.swift; sourceTree = "<group>"; };
		AA100002 /* ContentView.swift */ = {isa = PBXFileReference; lastKnownFileType = sourcecode.swift; path = ContentView.swift; sourceTree = "<group>"; };
		AA100003 /* CameraPreviewView.swift */ = {isa = PBXFileReference; lastKnownFileType = sourcecode.swift; path = CameraPreviewView.swift; sourceTree = "<group>"; };
		AA100004 /* DQTextBoxView.swift */ = {isa = PBXFileReference; lastKnownFileType = sourcecode.swift; path = DQTextBoxView.swift; sourceTree = "<group>"; };
		AA100005 /* ControlsOverlay.swift */ = {isa = PBXFileReference; lastKnownFileType = sourcecode.swift; path = ControlsOverlay.swift; sourceTree = "<group>"; };
		AA100006 /* CameraManager.swift */ = {isa = PBXFileReference; lastKnownFileType = sourcecode.swift; path = CameraManager.swift; sourceTree = "<group>"; };
		AA100007 /* VLMService.swift */ = {isa = PBXFileReference; lastKnownFileType = sourcecode.swift; path = VLMService.swift; sourceTree = "<group>"; };
		AA100008 /* TypewriterSFX.swift */ = {isa = PBXFileReference; lastKnownFileType = sourcecode.swift; path = TypewriterSFX.swift; sourceTree = "<group>"; };
		AA100009 /* Assets.xcassets */ = {isa = PBXFileReference; lastKnownFileType = folder.assetcatalog; path = Assets.xcassets; sourceTree = "<group>"; };
		AA100010 /* Info.plist */ = {isa = PBXFileReference; lastKnownFileType = text.plist.xml; path = Info.plist; sourceTree = "<group>"; };
		AA100011 /* SiriEdgeGlow.swift */ = {isa = PBXFileReference; lastKnownFileType = sourcecode.swift; path = SiriEdgeGlow.swift; sourceTree = "<group>"; };
		AA100013 /* LanguageToggle.swift */ = {isa = PBXFileReference; lastKnownFileType = sourcecode.swift; path = LanguageToggle.swift; sourceTree = "<group>"; };
		AA100099 /* Mieru.app */ = {isa = PBXFileReference; explicitFileType = wrapper.application; includeInIndex = 0; path = Mieru.app; sourceTree = BUILT_PRODUCTS_DIR; };
/* End PBXFileReference section */

/* Begin PBXFrameworksBuildPhase section */
		AA400001 /* Frameworks */ = {
			isa = PBXFrameworksBuildPhase;
			buildActionMask = 2147483647;
			files = (
				AA000020 /* MLX in Frameworks */,
				AA000021 /* MLXRandom in Frameworks */,
				AA000022 /* MLXLMCommon in Frameworks */,
				AA000023 /* MLXVLM in Frameworks */,
				AA000024 /* HuggingFace in Frameworks */,
				AA000025 /* Tokenizers in Frameworks */,
			);
			runOnlyForDeploymentPostprocessing = 0;
		};
/* End PBXFrameworksBuildPhase section */

/* Begin PBXGroup section */
		AA200000 = {
			isa = PBXGroup;
			children = (
				AA200001 /* Mieru */,
				AA200099 /* Products */,
			);
			sourceTree = "<group>";
		};
		AA200001 /* Mieru */ = {
			isa = PBXGroup;
			children = (
				AA200002 /* App */,
				AA200003 /* Camera */,
				AA200004 /* AI */,
				AA200005 /* Views */,
				AA200006 /* Audio */,
			);
			path = Mieru;
			sourceTree = "<group>";
		};
		AA200002 /* App */ = {
			isa = PBXGroup;
			children = (
				AA100001 /* MieruApp.swift */,
				AA100009 /* Assets.xcassets */,
				AA100010 /* Info.plist */,
			);
			path = App;
			sourceTree = "<group>";
		};
		AA200003 /* Camera */ = {
			isa = PBXGroup;
			children = (
				AA100006 /* CameraManager.swift */,
			);
			path = Camera;
			sourceTree = "<group>";
		};
		AA200004 /* AI */ = {
			isa = PBXGroup;
			children = (
				AA100007 /* VLMService.swift */,
			);
			path = AI;
			sourceTree = "<group>";
		};
		AA200005 /* Views */ = {
			isa = PBXGroup;
			children = (
				AA100002 /* ContentView.swift */,
				AA100003 /* CameraPreviewView.swift */,
				AA100004 /* DQTextBoxView.swift */,
				AA100005 /* ControlsOverlay.swift */,
				AA100011 /* SiriEdgeGlow.swift */,
				AA100013 /* LanguageToggle.swift */,
			);
			path = Views;
			sourceTree = "<group>";
		};
		AA200006 /* Audio */ = {
			isa = PBXGroup;
			children = (
				AA100008 /* TypewriterSFX.swift */,
			);
			path = Audio;
			sourceTree = "<group>";
		};
		AA200099 /* Products */ = {
			isa = PBXGroup;
			children = (
				AA100099 /* Mieru.app */,
			);
			name = Products;
			sourceTree = "<group>";
		};
/* End PBXGroup section */

/* Begin PBXNativeTarget section */
		AA500001 /* Mieru */ = {
			isa = PBXNativeTarget;
			buildConfigurationList = AA700001 /* Build configuration list for PBXNativeTarget "Mieru" */;
			buildPhases = (
				AA600001 /* Sources */,
				AA400001 /* Frameworks */,
				AA600002 /* Resources */,
			);
			buildRules = (
			);
			dependencies = (
			);
			name = Mieru;
			packageProductDependencies = (
				AA300001 /* MLX */,
				AA300002 /* MLXRandom */,
				AA300003 /* MLXLMCommon */,
				AA300004 /* MLXVLM */,
				AA300005 /* HuggingFace */,
				AA300006 /* Tokenizers */,
			);
			productName = Mieru;
			productReference = AA100099 /* Mieru.app */;
			productType = "com.apple.product-type.application";
		};
/* End PBXNativeTarget section */

/* Begin PBXProject section */
		AA900001 /* Project object */ = {
			isa = PBXProject;
			attributes = {
				BuildIndependentTargetsInParallel = 1;
				LastSwiftUpdateCheck = 1600;
				LastUpgradeCheck = 1600;
				TargetAttributes = {
					AA500001 = {
						CreatedOnToolsVersion = 16.0;
					};
				};
			};
			buildConfigurationList = AA700002 /* Build configuration list for PBXProject "Mieru" */;
			compatibilityVersion = "Xcode 14.0";
			developmentRegion = en;
			hasScannedForEncodings = 0;
			knownRegions = (
				en,
				Base,
			);
			mainGroup = AA200000;
			packageReferences = (
				AAB00001 /* XCRemoteSwiftPackageReference "mlx-swift" */,
				AAB00002 /* XCRemoteSwiftPackageReference "mlx-swift-lm" */,
				AAB00003 /* XCRemoteSwiftPackageReference "swift-transformers" */,
				AAB00004 /* XCRemoteSwiftPackageReference "swift-huggingface" */,
			);
			productRefGroup = AA200099 /* Products */;
			projectDirPath = "";
			projectRoot = "";
			targets = (
				AA500001 /* Mieru */,
			);
		};
/* End PBXProject section */

/* Begin PBXResourcesBuildPhase section */
		AA600002 /* Resources */ = {
			isa = PBXResourcesBuildPhase;
			buildActionMask = 2147483647;
			files = (
				AA000009 /* Assets.xcassets in Resources */,
			);
			runOnlyForDeploymentPostprocessing = 0;
		};
/* End PBXResourcesBuildPhase section */

/* Begin PBXSourcesBuildPhase section */
		AA600001 /* Sources */ = {
			isa = PBXSourcesBuildPhase;
			buildActionMask = 2147483647;
			files = (
				AA000001 /* MieruApp.swift in Sources */,
				AA000002 /* ContentView.swift in Sources */,
				AA000003 /* CameraPreviewView.swift in Sources */,
				AA000004 /* DQTextBoxView.swift in Sources */,
				AA000005 /* ControlsOverlay.swift in Sources */,
				AA000006 /* CameraManager.swift in Sources */,
				AA000007 /* VLMService.swift in Sources */,
				AA000008 /* TypewriterSFX.swift in Sources */,
				AA000010 /* SiriEdgeGlow.swift in Sources */,
				AA000012 /* LanguageToggle.swift in Sources */,
			);
			runOnlyForDeploymentPostprocessing = 0;
		};
/* End PBXSourcesBuildPhase section */

/* Begin XCBuildConfiguration section */
		AA800001 /* Debug */ = {
			isa = XCBuildConfiguration;
			buildSettings = {
				ASSETCATALOG_COMPILER_APPICON_NAME = AppIcon;
				CODE_SIGN_STYLE = Automatic;
				CURRENT_PROJECT_VERSION = 1;
				DEVELOPMENT_TEAM = YOUR_TEAM_ID;
				GENERATE_INFOPLIST_FILE = YES;
				INFOPLIST_FILE = Mieru/App/Info.plist;
				INFOPLIST_KEY_CFBundleDisplayName = Mieru;
				INFOPLIST_KEY_LSApplicationCategoryType = "public.app-category.entertainment";
				INFOPLIST_KEY_UIApplicationSceneManifest_Generation = YES;
				INFOPLIST_KEY_UIApplicationSupportsIndirectInputEvents = YES;
				INFOPLIST_KEY_UILaunchScreen_Generation = YES;
				INFOPLIST_KEY_UISupportedInterfaceOrientations_iPad = "UIInterfaceOrientationPortrait UIInterfaceOrientationPortraitUpsideDown UIInterfaceOrientationLandscapeLeft UIInterfaceOrientationLandscapeRight";
				INFOPLIST_KEY_UISupportedInterfaceOrientations_iPhone = "UIInterfaceOrientationPortrait UIInterfaceOrientationLandscapeLeft UIInterfaceOrientationLandscapeRight";
				IPHONEOS_DEPLOYMENT_TARGET = 17.0;
				LD_RUNPATH_SEARCH_PATHS = (
					"$(inherited)",
					"@executable_path/Frameworks",
				);
				MARKETING_VERSION = 1.0;
				CODE_SIGN_ENTITLEMENTS = Mieru/App/Mieru.entitlements;
				PRODUCT_BUNDLE_IDENTIFIER = "com.example.Mieru";
				PRODUCT_NAME = "$(TARGET_NAME)";
				SUPPORTED_PLATFORMS = "iphoneos iphonesimulator";
				SUPPORTS_MACCATALYST = NO;
				SWIFT_EMIT_LOC_STRINGS = YES;
				SWIFT_VERSION = 5.0;
				TARGETED_DEVICE_FAMILY = "1,2";
			};
			name = Debug;
		};
		AA800002 /* Release */ = {
			isa = XCBuildConfiguration;
			buildSettings = {
				ASSETCATALOG_COMPILER_APPICON_NAME = AppIcon;
				CODE_SIGN_STYLE = Automatic;
				CURRENT_PROJECT_VERSION = 1;
				DEVELOPMENT_TEAM = YOUR_TEAM_ID;
				GENERATE_INFOPLIST_FILE = YES;
				INFOPLIST_FILE = Mieru/App/Info.plist;
				INFOPLIST_KEY_CFBundleDisplayName = Mieru;
				INFOPLIST_KEY_LSApplicationCategoryType = "public.app-category.entertainment";
				INFOPLIST_KEY_UIApplicationSceneManifest_Generation = YES;
				INFOPLIST_KEY_UIApplicationSupportsIndirectInputEvents = YES;
				INFOPLIST_KEY_UILaunchScreen_Generation = YES;
				INFOPLIST_KEY_UISupportedInterfaceOrientations_iPad = "UIInterfaceOrientationPortrait UIInterfaceOrientationPortraitUpsideDown UIInterfaceOrientationLandscapeLeft UIInterfaceOrientationLandscapeRight";
				INFOPLIST_KEY_UISupportedInterfaceOrientations_iPhone = "UIInterfaceOrientationPortrait UIInterfaceOrientationLandscapeLeft UIInterfaceOrientationLandscapeRight";
				IPHONEOS_DEPLOYMENT_TARGET = 17.0;
				LD_RUNPATH_SEARCH_PATHS = (
					"$(inherited)",
					"@executable_path/Frameworks",
				);
				MARKETING_VERSION = 1.0;
				CODE_SIGN_ENTITLEMENTS = Mieru/App/Mieru.entitlements;
				PRODUCT_BUNDLE_IDENTIFIER = "com.example.Mieru";
				PRODUCT_NAME = "$(TARGET_NAME)";
				SUPPORTED_PLATFORMS = "iphoneos iphonesimulator";
				SUPPORTS_MACCATALYST = NO;
				SWIFT_EMIT_LOC_STRINGS = YES;
				SWIFT_VERSION = 5.0;
				TARGETED_DEVICE_FAMILY = "1,2";
			};
			name = Release;
		};
		AA800003 /* Debug */ = {
			isa = XCBuildConfiguration;
			buildSettings = {
				ALWAYS_SEARCH_USER_PATHS = NO;
				ASSETCATALOG_COMPILER_GENERATE_SWIFT_ASSET_SYMBOL_EXTENSIONS = YES;
				CLANG_ANALYZER_NONNULL = YES;
				CLANG_ANALYZER_NUMBER_OBJECT_CONVERSION = YES_AGGRESSIVE;
				CLANG_CXX_LANGUAGE_STANDARD = "gnu++20";
				CLANG_ENABLE_MODULES = YES;
				CLANG_ENABLE_OBJC_ARC = YES;
				CLANG_ENABLE_OBJC_WEAK = YES;
				CLANG_WARN_BLOCK_CAPTURE_AUTORELEASING = YES;
				CLANG_WARN_BOOL_CONVERSION = YES;
				CLANG_WARN_COMMA = YES;
				CLANG_WARN_CONSTANT_CONVERSION = YES;
				CLANG_WARN_DEPRECATED_OBJC_IMPLEMENTATIONS = YES;
				CLANG_WARN_DIRECT_OBJC_ISA_USAGE = YES_ERROR;
				CLANG_WARN_DOCUMENTATION_COMMENTS = YES;
				CLANG_WARN_EMPTY_BODY = YES;
				CLANG_WARN_ENUM_CONVERSION = YES;
				CLANG_WARN_INFINITE_RECURSION = YES;
				CLANG_WARN_INT_CONVERSION = YES;
				CLANG_WARN_NON_LITERAL_NULL_CONVERSION = YES;
				CLANG_WARN_OBJC_IMPLICIT_RETAIN_SELF = YES;
				CLANG_WARN_OBJC_LITERAL_CONVERSION = YES;
				CLANG_WARN_OBJC_ROOT_CLASS = YES_ERROR;
				CLANG_WARN_QUOTED_INCLUDE_IN_FRAMEWORK_HEADER = YES;
				CLANG_WARN_RANGE_LOOP_ANALYSIS = YES;
				CLANG_WARN_STRICT_PROTOTYPES = YES;
				CLANG_WARN_SUSPICIOUS_MOVE = YES;
				CLANG_WARN_UNGUARDED_AVAILABILITY = YES_AGGRESSIVE;
				CLANG_WARN_UNREACHABLE_CODE = YES;
				CLANG_WARN__DUPLICATE_METHOD_MATCH = YES;
				COPY_PHASE_STRIP = NO;
				DEBUG_INFORMATION_FORMAT = dwarf;
				ENABLE_STRICT_OBJC_MSGSEND = YES;
				ENABLE_TESTABILITY = YES;
				ENABLE_USER_SCRIPT_SANDBOXING = YES;
				GCC_C_LANGUAGE_STANDARD = gnu17;
				GCC_DYNAMIC_NO_PIC = NO;
				GCC_NO_COMMON_BLOCKS = YES;
				GCC_OPTIMIZATION_LEVEL = 0;
				GCC_PREPROCESSOR_DEFINITIONS = (
					"DEBUG=1",
					"$(inherited)",
				);
				GCC_WARN_64_TO_32_BIT_CONVERSION = YES;
				GCC_WARN_ABOUT_RETURN_TYPE = YES_ERROR;
				GCC_WARN_UNDECLARED_SELECTOR = YES;
				GCC_WARN_UNINITIALIZED_AUTOS = YES_AGGRESSIVE;
				GCC_WARN_UNUSED_FUNCTION = YES;
				GCC_WARN_UNUSED_VARIABLE = YES;
				IPHONEOS_DEPLOYMENT_TARGET = 17.0;
				LOCALIZATION_PREFERS_STRING_CATALOGS = YES;
				MTL_ENABLE_DEBUG_INFO = INCLUDE_SOURCE;
				MTL_FAST_MATH = YES;
				ONLY_ACTIVE_ARCH = YES;
				SDKROOT = iphoneos;
				SWIFT_ACTIVE_COMPILATION_CONDITIONS = "DEBUG $(inherited)";
				SWIFT_OPTIMIZATION_LEVEL = "-Onone";
			};
			name = Debug;
		};
		AA800004 /* Release */ = {
			isa = XCBuildConfiguration;
			buildSettings = {
				ALWAYS_SEARCH_USER_PATHS = NO;
				ASSETCATALOG_COMPILER_GENERATE_SWIFT_ASSET_SYMBOL_EXTENSIONS = YES;
				CLANG_ANALYZER_NONNULL = YES;
				CLANG_ANALYZER_NUMBER_OBJECT_CONVERSION = YES_AGGRESSIVE;
				CLANG_CXX_LANGUAGE_STANDARD = "gnu++20";
				CLANG_ENABLE_MODULES = YES;
				CLANG_ENABLE_OBJC_ARC = YES;
				CLANG_ENABLE_OBJC_WEAK = YES;
				CLANG_WARN_BLOCK_CAPTURE_AUTORELEASING = YES;
				CLANG_WARN_BOOL_CONVERSION = YES;
				CLANG_WARN_COMMA = YES;
				CLANG_WARN_CONSTANT_CONVERSION = YES;
				CLANG_WARN_DEPRECATED_OBJC_IMPLEMENTATIONS = YES;
				CLANG_WARN_DIRECT_OBJC_ISA_USAGE = YES_ERROR;
				CLANG_WARN_DOCUMENTATION_COMMENTS = YES;
				CLANG_WARN_EMPTY_BODY = YES;
				CLANG_WARN_ENUM_CONVERSION = YES;
				CLANG_WARN_INFINITE_RECURSION = YES;
				CLANG_WARN_INT_CONVERSION = YES;
				CLANG_WARN_NON_LITERAL_NULL_CONVERSION = YES;
				CLANG_WARN_OBJC_IMPLICIT_RETAIN_SELF = YES;
				CLANG_WARN_OBJC_LITERAL_CONVERSION = YES;
				CLANG_WARN_OBJC_ROOT_CLASS = YES_ERROR;
				CLANG_WARN_QUOTED_INCLUDE_IN_FRAMEWORK_HEADER = YES;
				CLANG_WARN_RANGE_LOOP_ANALYSIS = YES;
				CLANG_WARN_STRICT_PROTOTYPES = YES;
				CLANG_WARN_SUSPICIOUS_MOVE = YES;
				CLANG_WARN_UNGUARDED_AVAILABILITY = YES_AGGRESSIVE;
				CLANG_WARN_UNREACHABLE_CODE = YES;
				CLANG_WARN__DUPLICATE_METHOD_MATCH = YES;
				COPY_PHASE_STRIP = NO;
				DEBUG_INFORMATION_FORMAT = "dwarf-with-dsym";
				ENABLE_NS_ASSERTIONS = NO;
				ENABLE_STRICT_OBJC_MSGSEND = YES;
				ENABLE_USER_SCRIPT_SANDBOXING = YES;
				GCC_C_LANGUAGE_STANDARD = gnu17;
				GCC_NO_COMMON_BLOCKS = YES;
				GCC_WARN_64_TO_32_BIT_CONVERSION = YES;
				GCC_WARN_ABOUT_RETURN_TYPE = YES_ERROR;
				GCC_WARN_UNDECLARED_SELECTOR = YES;
				GCC_WARN_UNINITIALIZED_AUTOS = YES_AGGRESSIVE;
				GCC_WARN_UNUSED_FUNCTION = YES;
				GCC_WARN_UNUSED_VARIABLE = YES;
				IPHONEOS_DEPLOYMENT_TARGET = 17.0;
				LOCALIZATION_PREFERS_STRING_CATALOGS = YES;
				MTL_FAST_MATH = YES;
				SDKROOT = iphoneos;
				SWIFT_COMPILATION_MODE = wholemodule;
				VALIDATE_PRODUCT = YES;
			};
			name = Release;
		};
/* End XCBuildConfiguration section */

/* Begin XCConfigurationList section */
		AA700001 /* Build configuration list for PBXNativeTarget "Mieru" */ = {
			isa = XCConfigurationList;
			buildConfigurations = (
				AA800001 /* Debug */,
				AA800002 /* Release */,
			);
			defaultConfigurationIsVisible = 0;
			defaultConfigurationName = Release;
		};
		AA700002 /* Build configuration list for PBXProject "Mieru" */ = {
			isa = XCConfigurationList;
			buildConfigurations = (
				AA800003 /* Debug */,
				AA800004 /* Release */,
			);
			defaultConfigurationIsVisible = 0;
			defaultConfigurationName = Release;
		};
/* End XCConfigurationList section */

/* Begin XCRemoteSwiftPackageReference section */
		AAB00001 /* XCRemoteSwiftPackageReference "mlx-swift" */ = {
			isa = XCRemoteSwiftPackageReference;
			repositoryURL = "https://github.com/ml-explore/mlx-swift";
			requirement = {
				kind = upToNextMajorVersion;
				minimumVersion = 0.30.6;
			};
		};
		AAB00002 /* XCRemoteSwiftPackageReference "mlx-swift-lm" */ = {
			isa = XCRemoteSwiftPackageReference;
			repositoryURL = "https://github.com/adrgrondin/mlx-swift-lm";
			requirement = {
				branch = "port/gemma-4-model";
				kind = branch;
			};
		};
		AAB00003 /* XCRemoteSwiftPackageReference "swift-transformers" */ = {
			isa = XCRemoteSwiftPackageReference;
			repositoryURL = "https://github.com/huggingface/swift-transformers";
			requirement = {
				kind = upToNextMajorVersion;
				minimumVersion = 1.0.0;
			};
		};
		AAB00004 /* XCRemoteSwiftPackageReference "swift-huggingface" */ = {
			isa = XCRemoteSwiftPackageReference;
			repositoryURL = "https://github.com/huggingface/swift-huggingface.git";
			requirement = {
				kind = upToNextMajorVersion;
				minimumVersion = 0.9.0;
			};
		};
/* End XCRemoteSwiftPackageReference section */

/* Begin XCSwiftPackageProductDependency section */
		AA300001 /* MLX */ = {
			isa = XCSwiftPackageProductDependency;
			package = AAB00001 /* XCRemoteSwiftPackageReference "mlx-swift" */;
			productName = MLX;
		};
		AA300002 /* MLXRandom */ = {
			isa = XCSwiftPackageProductDependency;
			package = AAB00001 /* XCRemoteSwiftPackageReference "mlx-swift" */;
			productName = MLXRandom;
		};
		AA300003 /* MLXLMCommon */ = {
			isa = XCSwiftPackageProductDependency;
			package = AAB00002 /* XCRemoteSwiftPackageReference "mlx-swift-lm" */;
			productName = MLXLMCommon;
		};
		AA300004 /* MLXVLM */ = {
			isa = XCSwiftPackageProductDependency;
			package = AAB00002 /* XCRemoteSwiftPackageReference "mlx-swift-lm" */;
			productName = MLXVLM;
		};
		AA300005 /* HuggingFace */ = {
			isa = XCSwiftPackageProductDependency;
			package = AAB00004 /* XCRemoteSwiftPackageReference "swift-huggingface" */;
			productName = HuggingFace;
		};
		AA300006 /* Tokenizers */ = {
			isa = XCSwiftPackageProductDependency;
			package = AAB00003 /* XCRemoteSwiftPackageReference "swift-transformers" */;
			productName = Tokenizers;
		};
/* End XCSwiftPackageProductDependency section */
	};
	rootObject = AA900001 /* Project object */;
}

